
Microsoft Visual Studio Solution File, Format Version 12.00
# Visual Studio 14
VisualStudioVersion = 14.0.25123.0
MinimumVisualStudioVersion = 10.0.40219.1
Project("{8BC9CEB8-8B4A-11D0-8D11-00A0C91BC942}") = "TCP_IP", "TCP_IP\TCP_IP.vcxproj", "{8565CB20-67BB-4852-9C28-365985C47E2D}"
EndProject
Project("{8BC9CEB8-8B4A-11D0-8D11-00A0C91BC942}") = "TCP_IP_ClientWin", "TCP_IP_ClientWin\TCP_IP_ClientWin.vcxproj", "{881D1003-EC8A-446E-9C18-D85539572CB7}"
EndProject
Project("{8BC9CEB8-8B4A-11D0-8D11-00A0C91BC942}") = "EchoSelectServ", "EchoSelectServ\EchoSelectServ.vcxproj", "{B16E5881-DD73-452D-83DD-AA2585CF3761}"
EndProject
Project("{8BC9CEB8-8B4A-11D0-8D11-00A0C91BC942}") = "OOB_SendWin", "OOB_SendWin\OOB_SendWin.vcxproj", "{4ABE04E8-A992-4F8A-A7ED-9664B248A690}"
EndProject
Project("{8BC9CEB8-8B4A-11D0-8D11-00A0C91BC942}") = "OOB_RecvWin", "OOB_RecvWin\OOB_RecvWin.vcxproj", "{0148533B-DF39-4B81-894F-1EB3D2BBCE4D}"
EndProject
Project("{8BC9CEB8-8B4A-11D0-8D11-00A0C91BC942}") = "Multicast_TTL", "Multicast_TTL\Multicast_TTL.vcxproj", "{642F97F1-72DD-419D-A10D-20A172941E70}"
EndProject
Project("{8BC9CEB8-8B4A-11D0-8D11-00A0C91BC942}") = "Multicast_Receiver", "Multicast_Receiver\Multicast_Receiver.vcxproj", "{E5E04BA8-C828-463B-AF7E-62638E5E5C5A}"
EndProject
Global
	GlobalSection(SolutionConfigurationPlatforms) = preSolution
		Debug|x64 = Debug|x64
		Debug|x86 = Debug|x86
		Release|x64 = Release|x64
		Release|x86 = Release|x86
	EndGlobalSection
	GlobalSection(ProjectConfigurationPlatforms) = postSolution
		{8565CB20-67BB-4852-9C28-365985C47E2D}.Debug|x64.ActiveCfg = Debug|x64
		{8565CB20-67BB-4852-9C28-365985C47E2D}.Debug|x64.Build.0 = Debug|x64
		{8565CB20-67BB-4852-9C28-365985C47E2D}.Debug|x86.ActiveCfg = Debug|Win32
		{8565CB20-67BB-4852-9C28-365985C47E2D}.Debug|x86.Build.0 = Debug|Win32
		{8565CB20-67BB-4852-9C28-365985C47E2D}.Release|x64.ActiveCfg = Release|x64
		{8565CB20-67BB-4852-9C28-365985C47E2D}.Release|x64.Build.0 = Release|x64
		{8565CB20-67BB-4852-9C28-365985C47E2D}.Release|x86.ActiveCfg = Release|Win32
		{8565CB20-67BB-4852-9C28-365985C47E2D}.Release|x86.Build.0 = Release|Win32
		{881D1003-EC8A-446E-9C18-D85539572CB7}.Debug|x64.ActiveCfg = Debug|x64
		{881D1003-EC8A-446E-9C18-D85539572CB7}.Debug|x64.Build.0 = Debug|x64
		{881D1003-EC8A-446E-9C18-D85539572CB7}.Debug|x86.ActiveCfg = Debug|Win32
		{881D1003-EC8A-446E-9C18-D85539572CB7}.Debug|x86.Build.0 = Debug|Win32
		{881D1003-EC8A-446E-9C18-D85539572CB7}.Release|x64.ActiveCfg = Release|x64
		{881D1003-EC8A-446E-9C18-D85539572CB7}.Release|x64.Build.0 = Release|x64
		{881D1003-EC8A-446E-9C18-D85539572CB7}.Release|x86.ActiveCfg = Release|Win32
		{881D1003-EC8A-446E-9C18-D85539572CB7}.Release|x86.Build.0 = Release|Win32
		{B16E5881-DD73-452D-83DD-AA2585CF3761}.Debug|x64.ActiveCfg = Debug|x64
		{B16E5881-DD73-452D-83DD-AA2585CF3761}.Debug|x64.Build.0 = Debug|x64
		{B16E5881-DD73-452D-83DD-AA2585CF3761}.Debug|x86.ActiveCfg = Debug|Win32
		{B16E5881-DD73-452D-83DD-AA2585CF3761}.Debug|x86.Build.0 = Debug|Win32
		{B16E5881-DD73-452D-83DD-AA2585CF3761}.Release|x64.ActiveCfg = Release|x64
		{B16E5881-DD73-452D-83DD-AA2585CF3761}.Release|x64.Build.0 = Release|x64
		{B16E5881-DD73-452D-83DD-AA2585CF3761}.Release|x86.ActiveCfg = Release|Win32
		{B16E5881-DD73-452D-83DD-AA2585CF3761}.Release|x86.Build.0 = Release|Win32
		{4ABE04E8-A992-4F8A-A7ED-9664B248A690}.Debug|x64.ActiveCfg = Debug|x64
		{4ABE04E8-A992-4F8A-A7ED-9664B248A690}.Debug|x64.Build.0 = Debug|x64
		{4ABE04E8-A992-4F8A-A7ED-9664B248A690}.Debug|x86.ActiveCfg = Debug|Win32
		{4ABE04E8-A992-4F8A-A7ED-9664B248A690}.Debug|x86.Build.0 = Debug|Win32
		{4ABE04E8-A992-4F8A-A7ED-9664B248A690}.Release|x64.ActiveCfg = Release|x64
		{4ABE04E8-A992-4F8A-A7ED-9664B248A690}.Release|x64.Build.0 = Release|x64
		{4ABE04E8-A992-4F8A-A7ED-9664B248A690}.Release|x86.ActiveCfg = Release|Win32
		{4ABE04E8-A992-4F8A-A7ED-9664B248A690}.Release|x86.Build.0 = Release|Win32
		{0148533B-DF39-4B81-894F-1EB3D2BBCE4D}.Debug|x64.ActiveCfg = Debug|x64
		{0148533B-DF39-4B81-894F-1EB3D2BBCE4D}.Debug|x64.Build.0 = Debug|x64
		{0148533B-DF39-4B81-894F-1EB3D2BBCE4D}.Debug|x86.ActiveCfg = Debug|Win32
		{0148533B-DF39-4B81-894F-1EB3D2BBCE4D}.Debug|x86.Build.0 = Debug|Win32
		{0148533B-DF39-4B81-894F-1EB3D2BBCE4D}.Release|x64.ActiveCfg = Release|x64
		{0148533B-DF39-4B81-894F-1EB3D2BBCE4D}.Release|x64.Build.0 = Release|x64
		{0148533B-DF39-4B81-894F-1EB3D2BBCE4D}.Release|x86.ActiveCfg = Release|Win32
		{0148533B-DF39-4B81-894F-1EB3D2BBCE4D}.Release|x86.Build.0 = Release|Win32
		{642F97F1-72DD-419D-A10D-20A172941E70}.Debug|x64.ActiveCfg = Debug|x64
		{642F97F1-72DD-419D-A10D-20A172941E70}.Debug|x64.Build.0 = Debug|x64
		{642F97F1-72DD-419D-A10D-20A172941E70}.Debug|x86.ActiveCfg = Debug|Win32
		{642F97F1-72DD-419D-A10D-20A172941E70}.Debug|x86.Build.0 = Debug|Win32
		{642F97F1-72DD-419D-A10D-20A172941E70}.Release|x64.ActiveCfg = Release|x64
		{642F97F1-72DD-419D-A10D-20A172941E70}.Release|x64.Build.0 = Release|x64
		{642F97F1-72DD-419D-A10D-20A172941E70}.Release|x86.ActiveCfg = Release|Win32
		{642F97F1-72DD-419D-A10D-20A172941E70}.Release|x86.Build.0 = Release|Win32
		{E5E04BA8-C828-463B-AF7E-62638E5E5C5A}.Debug|x64.ActiveCfg = Debug|x64
		{E5E04BA8-C828-463B-AF7E-62638E5E5C5A}.Debug|x64.Build.0 = Debug|x64
		{E5E04BA8-C828-463B-AF7E-62638E5E5C5A}.Debug|x86.ActiveCfg = Debug|Win32
		{E5E04BA8-C828-463B-AF7E-62638E5E5C5A}.Debug|x86.Build.0 = Debug|Win32
		{E5E04BA8-C828-463B-AF7E-62638E5E5C5A}.Release|x64.ActiveCfg = Release|x64
		{E5E04BA8-C828-463B-AF7E-62638E5E5C5A}.Release|x64.Build.0 = Release|x64
		{E5E04BA8-C828-463B-AF7E-62638E5E5C5A}.Release|x86.ActiveCfg = Release|Win32
		{E5E04BA8-C828-463B-AF7E-62638E5E5C5A}.Release|x86.Build.0 = Release|Win32
	EndGlobalSection
	GlobalSection(SolutionProperties) = preSolution
		HideSolutionNode = FALSE
	EndGlobalSection
EndGlobal
