
Microsoft Visual Studio Solution File, Format Version 12.00
# Visual Studio 14
VisualStudioVersion = 14.0.25123.0
MinimumVisualStudioVersion = 10.0.40219.1
Project("{8BC9CEB8-8B4A-11D0-8D11-00A0C91BC942}") = "TCP_IP", "TCP_IP\TCP_IP.vcxproj", "{8565CB20-67BB-4852-9C28-365985C47E2D}"
EndProject
Project("{8BC9CEB8-8B4A-11D0-8D11-00A0C91BC942}") = "TCP_IP_ClientWin", "TCP_IP_ClientWin\TCP_IP_ClientWin.vcxproj", "{881D1003-EC8A-446E-9C18-D85539572CB7}"
EndProject
Project("{8BC9CEB8-8B4A-11D0-8D11-00A0C91BC942}") = "EchoSelectServ", "EchoSelectServ\EchoSelectServ.vcxproj", "{B16E5881-DD73-452D-83DD-AA2585CF3761}"
EndProject
Project("{8BC9CEB8-8B4A-11D0-8D11-00A0C91BC942}") = "OOB_SendWin", "OOB_SendWin\OOB_SendWin.vcxproj", "{4ABE04E8-A992-4F8A-A7ED-9664B248A690}"
EndProject
Project("{8BC9CEB8-8B4A-11D0-8D11-00A0C91BC942}") = "OOB_RecvWin", "OOB_RecvWin\OOB_RecvWin.vcxproj", "{0148533B-DF39-4B81-894F-1EB3D2BBCE4D}"
EndProject
Project("{8BC9CEB8-8B4A-11D0-8D11-00A0C91BC942}") = "Multicast_TTL", "Multicast_TTL\Multicast_TTL.vcxproj", "{642F97F1-72DD-419D-A10D-20A172941E70}"
EndProject
Project("{8BC9CEB8-8B4A-11D0-8D11-00A0C91BC942}") = "Multicast_Receiver", "Multicast_Receiver\Multicast_Receiver.vcxproj", "{E5E04BA8-C828-463B-AF7E-62638E5E5C5A}"
EndProject
Project("{8BC9CEB8-8B4A-11D0-8D11-00A0C91BC942}") = "Thread01", "Thread01\Thread01.vcxproj", "{3D495D99-BACC-4131-983B-6965D482904C}"
EndProject
Project("{8BC9CEB8-8B4A-11D0-8D11-00A0C91BC942}") = "Thread02", "Thread02\Thread02.vcxproj", "{530E5064-AD2F-4776-BFD8-7DADD16476D7}"
EndProject
Project("{8BC9CEB8-8B4A-11D0-8D11-00A0C91BC942}") = "Thread03", "Thread03\Thread03.vcxproj", "{933FAAB8-C158-40CE-B27F-DEDBBDFD1B34}"
EndProject
Project("{8BC9CEB8-8B4A-11D0-8D11-00A0C91BC942}") = "Thread04", "Thread04\Thread04.vcxproj", "{9EA3417F-AC9F-43AF-B4EB-E75EDA90F1DC}"
EndProject
Project("{8BC9CEB8-8B4A-11D0-8D11-00A0C91BC942}") = "AsynNotiEchoServ", "AsynNotiEchoServ\AsynNotiEchoServ.vcxproj", "{E223DC83-D75F-4267-9FF4-D45B549CBB9C}"
EndProject
Project("{8BC9CEB8-8B4A-11D0-8D11-00A0C91BC942}") = "EchoClient", "EchoClient\EchoClient.vcxproj", "{BC09E630-93C6-4C9A-BF81-C2F5B170D83B}"
EndProject
Project("{8BC9CEB8-8B4A-11D0-8D11-00A0C91BC942}") = "OverlappedSend", "OverlappedSend\OverlappedSend.vcxproj", "{3D9405F5-B8D3-4D10-BAF8-AD6B0A5EFF76}"
EndProject
Project("{8BC9CEB8-8B4A-11D0-8D11-00A0C91BC942}") = "OverlappedRecv", "OverlappedRecv\OverlappedRecv.vcxproj", "{98023855-E3CF-43BB-B851-D46B9C7382EE}"
EndProject
Project("{8BC9CEB8-8B4A-11D0-8D11-00A0C91BC942}") = "ComplRouEchoServ", "ComplRouEchoServ\ComplRouEchoServ.vcxproj", "{88BE18D3-47A3-44C9-A271-E1DD2D5D1B08}"
EndProject
Project("{8BC9CEB8-8B4A-11D0-8D11-00A0C91BC942}") = "StableEchoClntWin", "StableEchoClntWin\StableEchoClntWin.vcxproj", "{3FCF0E85-68F3-40EC-B520-532C65DE58C1}"
EndProject
Project("{8BC9CEB8-8B4A-11D0-8D11-00A0C91BC942}") = "IOCPEchoServ_Win", "IOCPEchoServ_Win\IOCPEchoServ_Win.vcxproj", "{2A49477C-071C-4C19-BE5A-F65E30F4294B}"
EndProject
Global
	GlobalSection(SolutionConfigurationPlatforms) = preSolution
		Debug|x64 = Debug|x64
		Debug|x86 = Debug|x86
		Release|x64 = Release|x64
		Release|x86 = Release|x86
	EndGlobalSection
	GlobalSection(ProjectConfigurationPlatforms) = postSolution
		{8565CB20-67BB-4852-9C28-365985C47E2D}.Debug|x64.ActiveCfg = Debug|x64
		{8565CB20-67BB-4852-9C28-365985C47E2D}.Debug|x64.Build.0 = Debug|x64
		{8565CB20-67BB-4852-9C28-365985C47E2D}.Debug|x86.ActiveCfg = Debug|Win32
		{8565CB20-67BB-4852-9C28-365985C47E2D}.Debug|x86.Build.0 = Debug|Win32
		{8565CB20-67BB-4852-9C28-365985C47E2D}.Release|x64.ActiveCfg = Release|x64
		{8565CB20-67BB-4852-9C28-365985C47E2D}.Release|x64.Build.0 = Release|x64
		{8565CB20-67BB-4852-9C28-365985C47E2D}.Release|x86.ActiveCfg = Release|Win32
		{8565CB20-67BB-4852-9C28-365985C47E2D}.Release|x86.Build.0 = Release|Win32
		{881D1003-EC8A-446E-9C18-D85539572CB7}.Debug|x64.ActiveCfg = Debug|x64
		{881D1003-EC8A-446E-9C18-D85539572CB7}.Debug|x64.Build.0 = Debug|x64
		{881D1003-EC8A-446E-9C18-D85539572CB7}.Debug|x86.ActiveCfg = Debug|Win32
		{881D1003-EC8A-446E-9C18-D85539572CB7}.Debug|x86.Build.0 = Debug|Win32
		{881D1003-EC8A-446E-9C18-D85539572CB7}.Release|x64.ActiveCfg = Release|x64
		{881D1003-EC8A-446E-9C18-D85539572CB7}.Release|x64.Build.0 = Release|x64
		{881D1003-EC8A-446E-9C18-D85539572CB7}.Release|x86.ActiveCfg = Release|Win32
		{881D1003-EC8A-446E-9C18-D85539572CB7}.Release|x86.Build.0 = Release|Win32
		{B16E5881-DD73-452D-83DD-AA2585CF3761}.Debug|x64.ActiveCfg = Debug|x64
		{B16E5881-DD73-452D-83DD-AA2585CF3761}.Debug|x64.Build.0 = Debug|x64
		{B16E5881-DD73-452D-83DD-AA2585CF3761}.Debug|x86.ActiveCfg = Debug|Win32
		{B16E5881-DD73-452D-83DD-AA2585CF3761}.Debug|x86.Build.0 = Debug|Win32
		{B16E5881-DD73-452D-83DD-AA2585CF3761}.Release|x64.ActiveCfg = Release|x64
		{B16E5881-DD73-452D-83DD-AA2585CF3761}.Release|x64.Build.0 = Release|x64
		{B16E5881-DD73-452D-83DD-AA2585CF3761}.Release|x86.ActiveCfg = Release|Win32
		{B16E5881-DD73-452D-83DD-AA2585CF3761}.Release|x86.Build.0 = Release|Win32
		{4ABE04E8-A992-4F8A-A7ED-9664B248A690}.Debug|x64.ActiveCfg = Debug|x64
		{4ABE04E8-A992-4F8A-A7ED-9664B248A690}.Debug|x64.Build.0 = Debug|x64
		{4ABE04E8-A992-4F8A-A7ED-9664B248A690}.Debug|x86.ActiveCfg = Debug|Win32
		{4ABE04E8-A992-4F8A-A7ED-9664B248A690}.Debug|x86.Build.0 = Debug|Win32
		{4ABE04E8-A992-4F8A-A7ED-9664B248A690}.Release|x64.ActiveCfg = Release|x64
		{4ABE04E8-A992-4F8A-A7ED-9664B248A690}.Release|x64.Build.0 = Release|x64
		{4ABE04E8-A992-4F8A-A7ED-9664B248A690}.Release|x86.ActiveCfg = Release|Win32
		{4ABE04E8-A992-4F8A-A7ED-9664B248A690}.Release|x86.Build.0 = Release|Win32
		{0148533B-DF39-4B81-894F-1EB3D2BBCE4D}.Debug|x64.ActiveCfg = Debug|x64
		{0148533B-DF39-4B81-894F-1EB3D2BBCE4D}.Debug|x64.Build.0 = Debug|x64
		{0148533B-DF39-4B81-894F-1EB3D2BBCE4D}.Debug|x86.ActiveCfg = Debug|Win32
		{0148533B-DF39-4B81-894F-1EB3D2BBCE4D}.Debug|x86.Build.0 = Debug|Win32
		{0148533B-DF39-4B81-894F-1EB3D2BBCE4D}.Release|x64.ActiveCfg = Release|x64
		{0148533B-DF39-4B81-894F-1EB3D2BBCE4D}.Release|x64.Build.0 = Release|x64
		{0148533B-DF39-4B81-894F-1EB3D2BBCE4D}.Release|x86.ActiveCfg = Release|Win32
		{0148533B-DF39-4B81-894F-1EB3D2BBCE4D}.Release|x86.Build.0 = Release|Win32
		{642F97F1-72DD-419D-A10D-20A172941E70}.Debug|x64.ActiveCfg = Debug|x64
		{642F97F1-72DD-419D-A10D-20A172941E70}.Debug|x64.Build.0 = Debug|x64
		{642F97F1-72DD-419D-A10D-20A172941E70}.Debug|x86.ActiveCfg = Debug|Win32
		{642F97F1-72DD-419D-A10D-20A172941E70}.Debug|x86.Build.0 = Debug|Win32
		{642F97F1-72DD-419D-A10D-20A172941E70}.Release|x64.ActiveCfg = Release|x64
		{642F97F1-72DD-419D-A10D-20A172941E70}.Release|x64.Build.0 = Release|x64
		{642F97F1-72DD-419D-A10D-20A172941E70}.Release|x86.ActiveCfg = Release|Win32
		{642F97F1-72DD-419D-A10D-20A172941E70}.Release|x86.Build.0 = Release|Win32
		{E5E04BA8-C828-463B-AF7E-62638E5E5C5A}.Debug|x64.ActiveCfg = Debug|x64
		{E5E04BA8-C828-463B-AF7E-62638E5E5C5A}.Debug|x64.Build.0 = Debug|x64
		{E5E04BA8-C828-463B-AF7E-62638E5E5C5A}.Debug|x86.ActiveCfg = Debug|Win32
		{E5E04BA8-C828-463B-AF7E-62638E5E5C5A}.Debug|x86.Build.0 = Debug|Win32
		{E5E04BA8-C828-463B-AF7E-62638E5E5C5A}.Release|x64.ActiveCfg = Release|x64
		{E5E04BA8-C828-463B-AF7E-62638E5E5C5A}.Release|x64.Build.0 = Release|x64
		{E5E04BA8-C828-463B-AF7E-62638E5E5C5A}.Release|x86.ActiveCfg = Release|Win32
		{E5E04BA8-C828-463B-AF7E-62638E5E5C5A}.Release|x86.Build.0 = Release|Win32
		{3D495D99-BACC-4131-983B-6965D482904C}.Debug|x64.ActiveCfg = Debug|x64
		{3D495D99-BACC-4131-983B-6965D482904C}.Debug|x64.Build.0 = Debug|x64
		{3D495D99-BACC-4131-983B-6965D482904C}.Debug|x86.ActiveCfg = Debug|Win32
		{3D495D99-BACC-4131-983B-6965D482904C}.Debug|x86.Build.0 = Debug|Win32
		{3D495D99-BACC-4131-983B-6965D482904C}.Release|x64.ActiveCfg = Release|x64
		{3D495D99-BACC-4131-983B-6965D482904C}.Release|x64.Build.0 = Release|x64
		{3D495D99-BACC-4131-983B-6965D482904C}.Release|x86.ActiveCfg = Release|Win32
		{3D495D99-BACC-4131-983B-6965D482904C}.Release|x86.Build.0 = Release|Win32
		{530E5064-AD2F-4776-BFD8-7DADD16476D7}.Debug|x64.ActiveCfg = Debug|x64
		{530E5064-AD2F-4776-BFD8-7DADD16476D7}.Debug|x64.Build.0 = Debug|x64
		{530E5064-AD2F-4776-BFD8-7DADD16476D7}.Debug|x86.ActiveCfg = Debug|Win32
		{530E5064-AD2F-4776-BFD8-7DADD16476D7}.Debug|x86.Build.0 = Debug|Win32
		{530E5064-AD2F-4776-BFD8-7DADD16476D7}.Release|x64.ActiveCfg = Release|x64
		{530E5064-AD2F-4776-BFD8-7DADD16476D7}.Release|x64.Build.0 = Release|x64
		{530E5064-AD2F-4776-BFD8-7DADD16476D7}.Release|x86.ActiveCfg = Release|Win32
		{530E5064-AD2F-4776-BFD8-7DADD16476D7}.Release|x86.Build.0 = Release|Win32
		{933FAAB8-C158-40CE-B27F-DEDBBDFD1B34}.Debug|x64.ActiveCfg = Debug|x64
		{933FAAB8-C158-40CE-B27F-DEDBBDFD1B34}.Debug|x64.Build.0 = Debug|x64
		{933FAAB8-C158-40CE-B27F-DEDBBDFD1B34}.Debug|x86.ActiveCfg = Debug|Win32
		{933FAAB8-C158-40CE-B27F-DEDBBDFD1B34}.Debug|x86.Build.0 = Debug|Win32
		{933FAAB8-C158-40CE-B27F-DEDBBDFD1B34}.Release|x64.ActiveCfg = Release|x64
		{933FAAB8-C158-40CE-B27F-DEDBBDFD1B34}.Release|x64.Build.0 = Release|x64
		{933FAAB8-C158-40CE-B27F-DEDBBDFD1B34}.Release|x86.ActiveCfg = Release|Win32
		{933FAAB8-C158-40CE-B27F-DEDBBDFD1B34}.Release|x86.Build.0 = Release|Win32
		{9EA3417F-AC9F-43AF-B4EB-E75EDA90F1DC}.Debug|x64.ActiveCfg = Debug|x64
		{9EA3417F-AC9F-43AF-B4EB-E75EDA90F1DC}.Debug|x64.Build.0 = Debug|x64
		{9EA3417F-AC9F-43AF-B4EB-E75EDA90F1DC}.Debug|x86.ActiveCfg = Debug|Win32
		{9EA3417F-AC9F-43AF-B4EB-E75EDA90F1DC}.Debug|x86.Build.0 = Debug|Win32
		{9EA3417F-AC9F-43AF-B4EB-E75EDA90F1DC}.Release|x64.ActiveCfg = Release|x64
		{9EA3417F-AC9F-43AF-B4EB-E75EDA90F1DC}.Release|x64.Build.0 = Release|x64
		{9EA3417F-AC9F-43AF-B4EB-E75EDA90F1DC}.Release|x86.ActiveCfg = Release|Win32
		{9EA3417F-AC9F-43AF-B4EB-E75EDA90F1DC}.Release|x86.Build.0 = Release|Win32
		{E223DC83-D75F-4267-9FF4-D45B549CBB9C}.Debug|x64.ActiveCfg = Debug|x64
		{E223DC83-D75F-4267-9FF4-D45B549CBB9C}.Debug|x64.Build.0 = Debug|x64
		{E223DC83-D75F-4267-9FF4-D45B549CBB9C}.Debug|x86.ActiveCfg = Debug|Win32
		{E223DC83-D75F-4267-9FF4-D45B549CBB9C}.Debug|x86.Build.0 = Debug|Win32
		{E223DC83-D75F-4267-9FF4-D45B549CBB9C}.Release|x64.ActiveCfg = Release|x64
		{E223DC83-D75F-4267-9FF4-D45B549CBB9C}.Release|x64.Build.0 = Release|x64
		{E223DC83-D75F-4267-9FF4-D45B549CBB9C}.Release|x86.ActiveCfg = Release|Win32
		{E223DC83-D75F-4267-9FF4-D45B549CBB9C}.Release|x86.Build.0 = Release|Win32
		{BC09E630-93C6-4C9A-BF81-C2F5B170D83B}.Debug|x64.ActiveCfg = Debug|x64
		{BC09E630-93C6-4C9A-BF81-C2F5B170D83B}.Debug|x64.Build.0 = Debug|x64
		{BC09E630-93C6-4C9A-BF81-C2F5B170D83B}.Debug|x86.ActiveCfg = Debug|Win32
		{BC09E630-93C6-4C9A-BF81-C2F5B170D83B}.Debug|x86.Build.0 = Debug|Win32
		{BC09E630-93C6-4C9A-BF81-C2F5B170D83B}.Release|x64.ActiveCfg = Release|x64
		{BC09E630-93C6-4C9A-BF81-C2F5B170D83B}.Release|x64.Build.0 = Release|x64
		{BC09E630-93C6-4C9A-BF81-C2F5B170D83B}.Release|x86.ActiveCfg = Release|Win32
		{BC09E630-93C6-4C9A-BF81-C2F5B170D83B}.Release|x86.Build.0 = Release|Win32
		{3D9405F5-B8D3-4D10-BAF8-AD6B0A5EFF76}.Debug|x64.ActiveCfg = Debug|x64
		{3D9405F5-B8D3-4D10-BAF8-AD6B0A5EFF76}.Debug|x64.Build.0 = Debug|x64
		{3D9405F5-B8D3-4D10-BAF8-AD6B0A5EFF76}.Debug|x86.ActiveCfg = Debug|Win32
		{3D9405F5-B8D3-4D10-BAF8-AD6B0A5EFF76}.Debug|x86.Build.0 = Debug|Win32
		{3D9405F5-B8D3-4D10-BAF8-AD6B0A5EFF76}.Release|x64.ActiveCfg = Release|x64
		{3D9405F5-B8D3-4D10-BAF8-AD6B0A5EFF76}.Release|x64.Build.0 = Release|x64
		{3D9405F5-B8D3-4D10-BAF8-AD6B0A5EFF76}.Release|x86.ActiveCfg = Release|Win32
		{3D9405F5-B8D3-4D10-BAF8-AD6B0A5EFF76}.Release|x86.Build.0 = Release|Win32
		{98023855-E3CF-43BB-B851-D46B9C7382EE}.Debug|x64.ActiveCfg = Debug|x64
		{98023855-E3CF-43BB-B851-D46B9C7382EE}.Debug|x64.Build.0 = Debug|x64
		{98023855-E3CF-43BB-B851-D46B9C7382EE}.Debug|x86.ActiveCfg = Debug|Win32
		{98023855-E3CF-43BB-B851-D46B9C7382EE}.Debug|x86.Build.0 = Debug|Win32
		{98023855-E3CF-43BB-B851-D46B9C7382EE}.Release|x64.ActiveCfg = Release|x64
		{98023855-E3CF-43BB-B851-D46B9C7382EE}.Release|x64.Build.0 = Release|x64
		{98023855-E3CF-43BB-B851-D46B9C7382EE}.Release|x86.ActiveCfg = Release|Win32
		{98023855-E3CF-43BB-B851-D46B9C7382EE}.Release|x86.Build.0 = Release|Win32
		{88BE18D3-47A3-44C9-A271-E1DD2D5D1B08}.Debug|x64.ActiveCfg = Debug|x64
		{88BE18D3-47A3-44C9-A271-E1DD2D5D1B08}.Debug|x64.Build.0 = Debug|x64
		{88BE18D3-47A3-44C9-A271-E1DD2D5D1B08}.Debug|x86.ActiveCfg = Debug|Win32
		{88BE18D3-47A3-44C9-A271-E1DD2D5D1B08}.Debug|x86.Build.0 = Debug|Win32
		{88BE18D3-47A3-44C9-A271-E1DD2D5D1B08}.Release|x64.ActiveCfg = Release|x64
		{88BE18D3-47A3-44C9-A271-E1DD2D5D1B08}.Release|x64.Build.0 = Release|x64
		{88BE18D3-47A3-44C9-A271-E1DD2D5D1B08}.Release|x86.ActiveCfg = Release|Win32
		{88BE18D3-47A3-44C9-A271-E1DD2D5D1B08}.Release|x86.Build.0 = Release|Win32
		{3FCF0E85-68F3-40EC-B520-532C65DE58C1}.Debug|x64.ActiveCfg = Debug|x64
		{3FCF0E85-68F3-40EC-B520-532C65DE58C1}.Debug|x64.Build.0 = Debug|x64
		{3FCF0E85-68F3-40EC-B520-532C65DE58C1}.Debug|x86.ActiveCfg = Debug|Win32
		{3FCF0E85-68F3-40EC-B520-532C65DE58C1}.Debug|x86.Build.0 = Debug|Win32
		{3FCF0E85-68F3-40EC-B520-532C65DE58C1}.Release|x64.ActiveCfg = Release|x64
		{3FCF0E85-68F3-40EC-B520-532C65DE58C1}.Release|x64.Build.0 = Release|x64
		{3FCF0E85-68F3-40EC-B520-532C65DE58C1}.Release|x86.ActiveCfg = Release|Win32
		{3FCF0E85-68F3-40EC-B520-532C65DE58C1}.Release|x86.Build.0 = Release|Win32
		{2A49477C-071C-4C19-BE5A-F65E30F4294B}.Debug|x64.ActiveCfg = Debug|x64
		{2A49477C-071C-4C19-BE5A-F65E30F4294B}.Debug|x64.Build.0 = Debug|x64
		{2A49477C-071C-4C19-BE5A-F65E30F4294B}.Debug|x86.ActiveCfg = Debug|Win32
		{2A49477C-071C-4C19-BE5A-F65E30F4294B}.Debug|x86.Build.0 = Debug|Win32
		{2A49477C-071C-4C19-BE5A-F65E30F4294B}.Release|x64.ActiveCfg = Release|x64
		{2A49477C-071C-4C19-BE5A-F65E30F4294B}.Release|x64.Build.0 = Release|x64
		{2A49477C-071C-4C19-BE5A-F65E30F4294B}.Release|x86.ActiveCfg = Release|Win32
		{2A49477C-071C-4C19-BE5A-F65E30F4294B}.Release|x86.Build.0 = Release|Win32
	EndGlobalSection
	GlobalSection(SolutionProperties) = preSolution
		HideSolutionNode = FALSE
	EndGlobalSection
EndGlobal
